lockVersion: 2.0.0
id: 9c76d982-a275-4b45-a46b-dccb6e2cffe9
management:
  docChecksum: 5f95f123bbad6a5c36344ead4d1694b2
  docVersion: 1.0.0
  speakeasyVersion: 1.337.1
  generationVersion: 2.373.2
  releaseVersion: 0.6.6
  configChecksum: 3641dfdb86a1feb2a80863ea8a39a039
  repoURL: https://github.com/ragieai/SDKs.git
  installationURL: https://github.com/ragieai/SDKs
  published: true
features:
  typescript:
    additionalDependencies: 0.1.0
    constsAndDefaults: 0.1.5
    core: 3.11.7
    defaultEnabledRetries: 0.1.0
    devContainers: 2.90.0
    globalSecurity: 2.82.9
    globalSecurityCallbacks: 0.1.0
    globalSecurityFlattening: 0.1.0
    globalServerURLs: 2.82.4
    nameOverrides: 2.81.2
    nullables: 0.1.0
    pagination: 2.82.5
    responseFormat: 0.2.3
    retries: 2.83.0
    sdkHooks: 0.1.0
    unions: 2.85.5
generatedFiles:
  - src/sdk/documents.ts
  - src/sdk/retrievals.ts
  - src/sdk/entities.ts
  - src/sdk/sdk.ts
  - .eslintrc.cjs
  - .npmignore
  - RUNTIMES.md
  - jsr.json
  - package.json
  - src/index.ts
  - src/lib/base64.ts
  - src/lib/config.ts
  - src/lib/dlv.ts
  - src/lib/encodings.ts
  - src/lib/http.ts
  - src/lib/is-plain-object.ts
  - src/lib/primitives.ts
  - src/lib/retries.ts
  - src/lib/schemas.ts
  - src/lib/sdks.ts
  - src/lib/security.ts
  - src/lib/url.ts
  - src/sdk/index.ts
  - src/models/errors/sdkerror.ts
  - src/models/errors/sdkvalidationerror.ts
  - src/types/blobs.ts
  - src/types/enums.ts
  - src/types/index.ts
  - src/types/operations.ts
  - src/types/rfcdate.ts
  - tsconfig.json
  - src/models/operations/listdocuments.ts
  - src/models/operations/getdocument.ts
  - src/models/operations/deletedocument.ts
  - src/models/operations/updatedocumentfile.ts
  - src/models/operations/updatedocumentraw.ts
  - src/models/operations/patchdocumentmetadata.ts
  - src/models/operations/getdocumentsummary.ts
  - src/models/operations/updateinstruction.ts
  - src/models/operations/listentitiesbyinstruction.ts
  - src/models/operations/listentitiesbydocument.ts
  - src/models/components/documentlist.ts
  - src/models/components/document.ts
  - src/models/components/pagination.ts
  - src/models/components/validationerror.ts
  - src/models/components/bodycreatedocument.ts
  - src/models/components/documentcreateraw.ts
  - src/models/components/documentdelete.ts
  - src/models/components/documentfileupdate.ts
  - src/models/components/bodyupdatedocumentfile.ts
  - src/models/components/documentrawupdate.ts
  - src/models/components/documentrawupdaterequest.ts
  - src/models/components/documentmetadataupdate.ts
  - src/models/components/documentmetadataupdaterequest.ts
  - src/models/components/documentsummary.ts
  - src/models/components/retrieval.ts
  - src/models/components/scoredchunk.ts
  - src/models/components/retrieverequest.ts
  - src/models/components/instruction.ts
  - src/models/components/instructioncreaterequest.ts
  - src/models/components/instructionupdaterequest.ts
  - src/models/components/entitylist.ts
  - src/models/components/entity.ts
  - src/models/components/security.ts
  - src/models/errors/errormessage.ts
  - src/models/errors/httpvalidationerror.ts
  - src/models/errors/index.ts
  - src/models/operations/index.ts
  - src/models/components/index.ts
  - docs/models/operations/listdocumentsrequest.md
  - docs/models/operations/listdocumentsresponse.md
  - docs/models/operations/getdocumentrequest.md
  - docs/models/operations/deletedocumentrequest.md
  - docs/models/operations/updatedocumentfilerequest.md
  - docs/models/operations/updatedocumentrawrequest.md
  - docs/models/operations/patchdocumentmetadatarequest.md
  - docs/models/operations/getdocumentsummaryrequest.md
  - docs/models/operations/updateinstructionrequest.md
  - docs/models/operations/listentitiesbyinstructionrequest.md
  - docs/models/operations/listentitiesbyinstructionresponse.md
  - docs/models/operations/listentitiesbydocumentrequest.md
  - docs/models/operations/listentitiesbydocumentresponse.md
  - docs/models/components/documentlist.md
  - docs/models/components/metadata.md
  - docs/models/components/document.md
  - docs/models/components/pagination.md
  - docs/models/components/loc.md
  - docs/models/components/validationerror.md
  - docs/models/components/mode.md
  - docs/models/components/bodycreatedocumentmetadata.md
  - docs/models/components/filet.md
  - docs/models/components/bodycreatedocument.md
  - docs/models/components/documentcreaterawmetadata.md
  - docs/models/components/two.md
  - docs/models/components/data.md
  - docs/models/components/documentcreateraw.md
  - docs/models/components/documentdelete.md
  - docs/models/components/documentfileupdate.md
  - docs/models/components/bodyupdatedocumentfilemode.md
  - docs/models/components/bodyupdatedocumentfilefile.md
  - docs/models/components/bodyupdatedocumentfile.md
  - docs/models/components/documentrawupdate.md
  - docs/models/components/data2.md
  - docs/models/components/documentrawupdaterequestdata.md
  - docs/models/components/documentrawupdaterequest.md
  - docs/models/components/documentmetadataupdatemetadata.md
  - docs/models/components/documentmetadataupdate.md
  - docs/models/components/documentmetadataupdaterequestmetadata.md
  - docs/models/components/documentmetadataupdaterequest.md
  - docs/models/components/documentsummary.md
  - docs/models/components/retrieval.md
  - docs/models/components/documentmetadata.md
  - docs/models/components/scoredchunk.md
  - docs/models/components/filter.md
  - docs/models/components/retrieverequest.md
  - docs/models/components/instructionscope.md
  - docs/models/components/instructionentityschema.md
  - docs/models/components/instruction.md
  - docs/models/components/scope.md
  - docs/models/components/entityschema.md
  - docs/models/components/instructioncreaterequest.md
  - docs/models/components/instructionupdaterequest.md
  - docs/models/components/entitylist.md
  - docs/models/components/entitydata.md
  - docs/models/components/entity.md
  - docs/models/components/security.md
  - docs/models/errors/errormessage.md
  - docs/models/errors/httpvalidationerror.md
  - docs/sdks/ragie/README.md
  - docs/lib/utils/retryconfig.md
  - docs/sdks/documents/README.md
  - docs/sdks/retrievals/README.md
  - docs/sdks/entities/README.md
  - USAGE.md
  - .gitattributes
  - .devcontainer/README.md
  - .devcontainer/devcontainer.json
  - .devcontainer/setup.sh
  - src/hooks/hooks.ts
  - src/hooks/types.ts
  - src/hooks/index.ts
  - CONTRIBUTING.md
