lockVersion: 2.0.0
id: 9c76d982-a275-4b45-a46b-dccb6e2cffe9
management:
  docChecksum: 82b07985769a2ad6233321e611515382
  docVersion: 1.0.0
  speakeasyVersion: 1.555.0
  generationVersion: 2.618.0
  releaseVersion: 1.12.0
  configChecksum: ec924b0fc3d8d5c2e7e3529fd9f7163c
  repoURL: https://github.com/ragieai/ragie-typescript.git
  installationURL: https://github.com/ragieai/ragie-typescript
  published: true
features:
  typescript:
    additionalDependencies: 0.1.0
    constsAndDefaults: 0.1.11
    core: 3.21.10
    defaultEnabledRetries: 0.1.0
    devContainers: 2.90.0
    downloadStreams: 0.1.1
    enumUnions: 0.1.0
    envVarSecurityUsage: 0.1.2
    examples: 2.81.5
    globalSecurity: 2.82.13
    globalSecurityCallbacks: 0.1.0
    globalSecurityFlattening: 0.1.0
    globalServerURLs: 2.82.5
    mcpServer: 0.9.2
    methodArguments: 0.1.2
    nameOverrides: 2.81.2
    nullables: 0.1.1
    pagination: 2.83.0
    responseFormat: 0.2.3
    retries: 2.83.0
    sdkHooks: 0.3.0
    unions: 2.85.8
    uploadStreams: 0.1.0
    webhooks: 1.5.0
generatedFiles:
  - .devcontainer/README.md
  - .devcontainer/devcontainer.json
  - .devcontainer/setup.sh
  - .gitattributes
  - .npmignore
  - FUNCTIONS.md
  - RUNTIMES.md
  - USAGE.md
  - docs/lib/utils/retryconfig.md
  - docs/models/components/audiomodalitydata.md
  - docs/models/components/connection.md
  - docs/models/components/connectionbase.md
  - docs/models/components/connectionbasemetadata.md
  - docs/models/components/connectionlimitexceededwebhook.md
  - docs/models/components/connectionlimitexceededwebhookpayload.md
  - docs/models/components/connectionlimitparams.md
  - docs/models/components/connectionlist.md
  - docs/models/components/connectionmetadata.md
  - docs/models/components/connectionstats.md
  - docs/models/components/connectionsyncfinishedwebhook.md
  - docs/models/components/connectionsyncfinishedwebhookpayload.md
  - docs/models/components/connectionsyncprogresswebhook.md
  - docs/models/components/connectionsyncprogresswebhookpayload.md
  - docs/models/components/connectionsyncstartedwebhook.md
  - docs/models/components/connectionsyncstartedwebhookpayload.md
  - docs/models/components/connectorsource.md
  - docs/models/components/connectorsourcetypeinfo.md
  - docs/models/components/createdocumentfromurlparams.md
  - docs/models/components/createdocumentfromurlparamsmetadata.md
  - docs/models/components/createdocumentfromurlparamsmode.md
  - docs/models/components/createdocumentparams.md
  - docs/models/components/createdocumentrawparams.md
  - docs/models/components/createdocumentrawparamsmetadata.md
  - docs/models/components/createinstructionparams.md
  - docs/models/components/createinstructionparamsscope.md
  - docs/models/components/createpartitionparams.md
  - docs/models/components/data.md
  - docs/models/components/deleteconnectionpayload.md
  - docs/models/components/disabledbysystemreason.md
  - docs/models/components/document.md
  - docs/models/components/documentchunk.md
  - docs/models/components/documentchunkdetail.md
  - docs/models/components/documentchunklist.md
  - docs/models/components/documentdelete.md
  - docs/models/components/documentdeletewebhook.md
  - docs/models/components/documentdeletewebhookpayload.md
  - docs/models/components/documentfileupdate.md
  - docs/models/components/documentget.md
  - docs/models/components/documentgetmetadata.md
  - docs/models/components/documentlist.md
  - docs/models/components/documentmetadata.md
  - docs/models/components/documentmetadataupdate.md
  - docs/models/components/documentmetadataupdatemetadata.md
  - docs/models/components/documentrawupdate.md
  - docs/models/components/documentsummary.md
  - docs/models/components/documentupdatewebhook.md
  - docs/models/components/documentupdatewebhookpayload.md
  - docs/models/components/documenturlupdate.md
  - docs/models/components/documentwithcontent.md
  - docs/models/components/documentwithcontentmetadata.md
  - docs/models/components/entity.md
  - docs/models/components/entityextractedwebhook.md
  - docs/models/components/entityextractedwebhookpayload.md
  - docs/models/components/entitylist.md
  - docs/models/components/filet.md
  - docs/models/components/instruction.md
  - docs/models/components/limittype.md
  - docs/models/components/link.md
  - docs/models/components/listconnectorsourcetypeinfo.md
  - docs/models/components/loc.md
  - docs/models/components/mediamodeparam.md
  - docs/models/components/metadata.md
  - docs/models/components/modalitydata.md
  - docs/models/components/mode.md
  - docs/models/components/mode1.md
  - docs/models/components/mode2.md
  - docs/models/components/modestatic.md
  - docs/models/components/modevideo.md
  - docs/models/components/oauthurlcreate.md
  - docs/models/components/oauthurlcreatemetadata.md
  - docs/models/components/oauthurlcreatemode.md
  - docs/models/components/oauthurlcreatemode1.md
  - docs/models/components/oauthurlresponse.md
  - docs/models/components/one.md
  - docs/models/components/one1.md
  - docs/models/components/one2.md
  - docs/models/components/pagination.md
  - docs/models/components/partition.md
  - docs/models/components/partitiondetail.md
  - docs/models/components/partitionlimitexceededwebhook.md
  - docs/models/components/partitionlimitexceededwebhookpayload.md
  - docs/models/components/partitionlimitparams.md
  - docs/models/components/partitionlimits.md
  - docs/models/components/partitionlist.md
  - docs/models/components/partitionstats.md
  - docs/models/components/partitionstrategy.md
  - docs/models/components/partitionstrategy1.md
  - docs/models/components/patchdocumentmetadataparams.md
  - docs/models/components/reason.md
  - docs/models/components/responseok.md
  - docs/models/components/retrieval.md
  - docs/models/components/retrieveparams.md
  - docs/models/components/scope.md
  - docs/models/components/scoredchunk.md
  - docs/models/components/security.md
  - docs/models/components/setconnectionenabledpayload.md
  - docs/models/components/source.md
  - docs/models/components/static.md
  - docs/models/components/theme.md
  - docs/models/components/two.md
  - docs/models/components/updatedocumentfileparams.md
  - docs/models/components/updatedocumentfileparams11.md
  - docs/models/components/updatedocumentfileparams12.md
  - docs/models/components/updatedocumentfileparamsfile.md
  - docs/models/components/updatedocumentfileparamsmode.md
  - docs/models/components/updatedocumentfileparamsmode1.md
  - docs/models/components/updatedocumentfileparamsmodestatic.md
  - docs/models/components/updatedocumentfileparamsmodevideo.md
  - docs/models/components/updatedocumentfromurlparams.md
  - docs/models/components/updatedocumentfromurlparamsmode.md
  - docs/models/components/updatedocumentfromurlparamsmode1.md
  - docs/models/components/updatedocumentrawparams.md
  - docs/models/components/updatedocumentrawparamsdata.md
  - docs/models/components/updateinstructionparams.md
  - docs/models/components/validationerror.md
  - docs/models/components/video.md
  - docs/models/components/videomodalitydata.md
  - docs/models/components/wordtimestamp.md
  - docs/models/errors/errormessage.md
  - docs/models/errors/httpvalidationerror.md
  - docs/models/operations/deleteconnectionconnectionsconnectioniddeletepostrequest.md
  - docs/models/operations/deletedocumentrequest.md
  - docs/models/operations/deleteinstructionrequest.md
  - docs/models/operations/deletepartitionpartitionspartitioniddeleterequest.md
  - docs/models/operations/getconnectionconnectionsconnectionidgetrequest.md
  - docs/models/operations/getconnectionstatsconnectionsconnectionidstatsgetrequest.md
  - docs/models/operations/getdocumentchunkcontentrequest.md
  - docs/models/operations/getdocumentchunkrequest.md
  - docs/models/operations/getdocumentchunksrequest.md
  - docs/models/operations/getdocumentcontentrequest.md
  - docs/models/operations/getdocumentrequest.md
  - docs/models/operations/getdocumentsourcerequest.md
  - docs/models/operations/getdocumentsummaryrequest.md
  - docs/models/operations/getpartitionpartitionspartitionidgetrequest.md
  - docs/models/operations/listconnectionsconnectionsgetrequest.md
  - docs/models/operations/listconnectionsconnectionsgetresponse.md
  - docs/models/operations/listdocumentsrequest.md
  - docs/models/operations/listdocumentsresponse.md
  - docs/models/operations/listentitiesbydocumentrequest.md
  - docs/models/operations/listentitiesbydocumentresponse.md
  - docs/models/operations/listentitiesbyinstructionrequest.md
  - docs/models/operations/listentitiesbyinstructionresponse.md
  - docs/models/operations/listpartitionspartitionsgetrequest.md
  - docs/models/operations/listpartitionspartitionsgetresponse.md
  - docs/models/operations/mediatype.md
  - docs/models/operations/one.md
  - docs/models/operations/patchdocumentmetadatarequest.md
  - docs/models/operations/queryparammediatype.md
  - docs/models/operations/setconnectionenabledconnectionsconnectionidenabledputrequest.md
  - docs/models/operations/setconnectionlimitsconnectionsconnectionidlimitputrequest.md
  - docs/models/operations/setpartitionlimitspartitionspartitionidlimitsputrequest.md
  - docs/models/operations/syncconnectionrequest.md
  - docs/models/operations/updateconnectionconnectionsconnectionidputrequest.md
  - docs/models/operations/updatedocumentfilerequest.md
  - docs/models/operations/updatedocumentfromurlrequest.md
  - docs/models/operations/updatedocumentrawrequest.md
  - docs/models/operations/updateinstructionrequest.md
  - docs/models/webhooks/eventeventpostbody.md
  - docs/sdks/connections/README.md
  - docs/sdks/documents/README.md
  - docs/sdks/entities/README.md
  - docs/sdks/partitions/README.md
  - docs/sdks/ragie/README.md
  - docs/sdks/retrievals/README.md
  - eslint.config.mjs
  - jsr.json
  - package.json
  - src/core.ts
  - src/funcs/connectionsCreateOAuthRedirectUrl.ts
  - src/funcs/connectionsDelete.ts
  - src/funcs/connectionsGet.ts
  - src/funcs/connectionsGetStats.ts
  - src/funcs/connectionsList.ts
  - src/funcs/connectionsListConnectionSourceTypes.ts
  - src/funcs/connectionsSetEnabled.ts
  - src/funcs/connectionsSetLimits.ts
  - src/funcs/connectionsSync.ts
  - src/funcs/connectionsUpdate.ts
  - src/funcs/documentsCreate.ts
  - src/funcs/documentsCreateDocumentFromUrl.ts
  - src/funcs/documentsCreateRaw.ts
  - src/funcs/documentsDelete.ts
  - src/funcs/documentsGet.ts
  - src/funcs/documentsGetChunk.ts
  - src/funcs/documentsGetChunkContent.ts
  - src/funcs/documentsGetChunks.ts
  - src/funcs/documentsGetContent.ts
  - src/funcs/documentsGetSource.ts
  - src/funcs/documentsGetSummary.ts
  - src/funcs/documentsList.ts
  - src/funcs/documentsPatchMetadata.ts
  - src/funcs/documentsUpdateDocumentFromUrl.ts
  - src/funcs/documentsUpdateFile.ts
  - src/funcs/documentsUpdateRaw.ts
  - src/funcs/entitiesCreateInstruction.ts
  - src/funcs/entitiesDelete.ts
  - src/funcs/entitiesListByDocument.ts
  - src/funcs/entitiesListByInstruction.ts
  - src/funcs/entitiesListInstructions.ts
  - src/funcs/entitiesUpdateInstruction.ts
  - src/funcs/partitionsCreate.ts
  - src/funcs/partitionsDelete.ts
  - src/funcs/partitionsGet.ts
  - src/funcs/partitionsList.ts
  - src/funcs/partitionsSetLimits.ts
  - src/funcs/retrievalsRetrieve.ts
  - src/hooks/hooks.ts
  - src/hooks/index.ts
  - src/hooks/types.ts
  - src/index.ts
  - src/lib/base64.ts
  - src/lib/config.ts
  - src/lib/dlv.ts
  - src/lib/encodings.ts
  - src/lib/files.ts
  - src/lib/http.ts
  - src/lib/is-plain-object.ts
  - src/lib/logger.ts
  - src/lib/matchers.ts
  - src/lib/primitives.ts
  - src/lib/retries.ts
  - src/lib/schemas.ts
  - src/lib/sdks.ts
  - src/lib/security.ts
  - src/lib/url.ts
  - src/mcp-server/build.mts
  - src/mcp-server/cli.ts
  - src/mcp-server/cli/start/command.ts
  - src/mcp-server/cli/start/impl.ts
  - src/mcp-server/console-logger.ts
  - src/mcp-server/extensions.ts
  - src/mcp-server/mcp-server.ts
  - src/mcp-server/prompts.ts
  - src/mcp-server/resources.ts
  - src/mcp-server/scopes.ts
  - src/mcp-server/server.ts
  - src/mcp-server/shared.ts
  - src/mcp-server/tools.ts
  - src/mcp-server/tools/connectionsCreateOAuthRedirectUrl.ts
  - src/mcp-server/tools/connectionsDelete.ts
  - src/mcp-server/tools/connectionsGet.ts
  - src/mcp-server/tools/connectionsGetStats.ts
  - src/mcp-server/tools/connectionsList.ts
  - src/mcp-server/tools/connectionsListConnectionSourceTypes.ts
  - src/mcp-server/tools/connectionsSetEnabled.ts
  - src/mcp-server/tools/connectionsSetLimits.ts
  - src/mcp-server/tools/connectionsSync.ts
  - src/mcp-server/tools/connectionsUpdate.ts
  - src/mcp-server/tools/documentsCreate.ts
  - src/mcp-server/tools/documentsCreateDocumentFromUrl.ts
  - src/mcp-server/tools/documentsCreateRaw.ts
  - src/mcp-server/tools/documentsDelete.ts
  - src/mcp-server/tools/documentsGet.ts
  - src/mcp-server/tools/documentsGetChunk.ts
  - src/mcp-server/tools/documentsGetChunkContent.ts
  - src/mcp-server/tools/documentsGetChunks.ts
  - src/mcp-server/tools/documentsGetContent.ts
  - src/mcp-server/tools/documentsGetSource.ts
  - src/mcp-server/tools/documentsGetSummary.ts
  - src/mcp-server/tools/documentsList.ts
  - src/mcp-server/tools/documentsPatchMetadata.ts
  - src/mcp-server/tools/documentsUpdateDocumentFromUrl.ts
  - src/mcp-server/tools/documentsUpdateFile.ts
  - src/mcp-server/tools/documentsUpdateRaw.ts
  - src/mcp-server/tools/entitiesCreateInstruction.ts
  - src/mcp-server/tools/entitiesDelete.ts
  - src/mcp-server/tools/entitiesListByDocument.ts
  - src/mcp-server/tools/entitiesListByInstruction.ts
  - src/mcp-server/tools/entitiesListInstructions.ts
  - src/mcp-server/tools/entitiesUpdateInstruction.ts
  - src/mcp-server/tools/partitionsCreate.ts
  - src/mcp-server/tools/partitionsDelete.ts
  - src/mcp-server/tools/partitionsGet.ts
  - src/mcp-server/tools/partitionsList.ts
  - src/mcp-server/tools/partitionsSetLimits.ts
  - src/mcp-server/tools/retrievalsRetrieve.ts
  - src/models/components/audiomodalitydata.ts
  - src/models/components/connection.ts
  - src/models/components/connectionbase.ts
  - src/models/components/connectionlimitexceededwebhook.ts
  - src/models/components/connectionlimitexceededwebhookpayload.ts
  - src/models/components/connectionlimitparams.ts
  - src/models/components/connectionlist.ts
  - src/models/components/connectionstats.ts
  - src/models/components/connectionsyncfinishedwebhook.ts
  - src/models/components/connectionsyncfinishedwebhookpayload.ts
  - src/models/components/connectionsyncprogresswebhook.ts
  - src/models/components/connectionsyncprogresswebhookpayload.ts
  - src/models/components/connectionsyncstartedwebhook.ts
  - src/models/components/connectionsyncstartedwebhookpayload.ts
  - src/models/components/connectorsource.ts
  - src/models/components/connectorsourcetypeinfo.ts
  - src/models/components/createdocumentfromurlparams.ts
  - src/models/components/createdocumentparams.ts
  - src/models/components/createdocumentrawparams.ts
  - src/models/components/createinstructionparams.ts
  - src/models/components/createpartitionparams.ts
  - src/models/components/deleteconnectionpayload.ts
  - src/models/components/document.ts
  - src/models/components/documentchunk.ts
  - src/models/components/documentchunkdetail.ts
  - src/models/components/documentchunklist.ts
  - src/models/components/documentdelete.ts
  - src/models/components/documentdeletewebhook.ts
  - src/models/components/documentdeletewebhookpayload.ts
  - src/models/components/documentfileupdate.ts
  - src/models/components/documentget.ts
  - src/models/components/documentlist.ts
  - src/models/components/documentmetadataupdate.ts
  - src/models/components/documentrawupdate.ts
  - src/models/components/documentsummary.ts
  - src/models/components/documentupdatewebhook.ts
  - src/models/components/documentupdatewebhookpayload.ts
  - src/models/components/documenturlupdate.ts
  - src/models/components/documentwithcontent.ts
  - src/models/components/entity.ts
  - src/models/components/entityextractedwebhook.ts
  - src/models/components/entityextractedwebhookpayload.ts
  - src/models/components/entitylist.ts
  - src/models/components/index.ts
  - src/models/components/instruction.ts
  - src/models/components/link.ts
  - src/models/components/listconnectorsourcetypeinfo.ts
  - src/models/components/mediamodeparam.ts
  - src/models/components/oauthurlcreate.ts
  - src/models/components/oauthurlresponse.ts
  - src/models/components/pagination.ts
  - src/models/components/partition.ts
  - src/models/components/partitiondetail.ts
  - src/models/components/partitionlimitexceededwebhook.ts
  - src/models/components/partitionlimitexceededwebhookpayload.ts
  - src/models/components/partitionlimitparams.ts
  - src/models/components/partitionlimits.ts
  - src/models/components/partitionlist.ts
  - src/models/components/partitionstats.ts
  - src/models/components/patchdocumentmetadataparams.ts
  - src/models/components/responseok.ts
  - src/models/components/retrieval.ts
  - src/models/components/retrieveparams.ts
  - src/models/components/scoredchunk.ts
  - src/models/components/security.ts
  - src/models/components/setconnectionenabledpayload.ts
  - src/models/components/updatedocumentfileparams.ts
  - src/models/components/updatedocumentfromurlparams.ts
  - src/models/components/updatedocumentrawparams.ts
  - src/models/components/updateinstructionparams.ts
  - src/models/components/validationerror.ts
  - src/models/components/videomodalitydata.ts
  - src/models/components/wordtimestamp.ts
  - src/models/errors/errormessage.ts
  - src/models/errors/httpclienterrors.ts
  - src/models/errors/httpvalidationerror.ts
  - src/models/errors/index.ts
  - src/models/errors/sdkerror.ts
  - src/models/errors/sdkvalidationerror.ts
  - src/models/operations/deleteconnectionconnectionsconnectioniddeletepost.ts
  - src/models/operations/deletedocument.ts
  - src/models/operations/deleteinstruction.ts
  - src/models/operations/deletepartitionpartitionspartitioniddelete.ts
  - src/models/operations/getconnectionconnectionsconnectionidget.ts
  - src/models/operations/getconnectionstatsconnectionsconnectionidstatsget.ts
  - src/models/operations/getdocument.ts
  - src/models/operations/getdocumentchunk.ts
  - src/models/operations/getdocumentchunkcontent.ts
  - src/models/operations/getdocumentchunks.ts
  - src/models/operations/getdocumentcontent.ts
  - src/models/operations/getdocumentsource.ts
  - src/models/operations/getdocumentsummary.ts
  - src/models/operations/getpartitionpartitionspartitionidget.ts
  - src/models/operations/index.ts
  - src/models/operations/listconnectionsconnectionsget.ts
  - src/models/operations/listdocuments.ts
  - src/models/operations/listentitiesbydocument.ts
  - src/models/operations/listentitiesbyinstruction.ts
  - src/models/operations/listpartitionspartitionsget.ts
  - src/models/operations/patchdocumentmetadata.ts
  - src/models/operations/setconnectionenabledconnectionsconnectionidenabledput.ts
  - src/models/operations/setconnectionlimitsconnectionsconnectionidlimitput.ts
  - src/models/operations/setpartitionlimitspartitionspartitionidlimitsput.ts
  - src/models/operations/syncconnection.ts
  - src/models/operations/updateconnectionconnectionsconnectionidput.ts
  - src/models/operations/updatedocumentfile.ts
  - src/models/operations/updatedocumentfromurl.ts
  - src/models/operations/updatedocumentraw.ts
  - src/models/operations/updateinstruction.ts
  - src/models/webhooks/eventeventpost.ts
  - src/models/webhooks/index.ts
  - src/sdk/connections.ts
  - src/sdk/documents.ts
  - src/sdk/entities.ts
  - src/sdk/index.ts
  - src/sdk/partitions.ts
  - src/sdk/retrievals.ts
  - src/sdk/sdk.ts
  - src/types/async.ts
  - src/types/blobs.ts
  - src/types/constdatetime.ts
  - src/types/enums.ts
  - src/types/fp.ts
  - src/types/index.ts
  - src/types/operations.ts
  - src/types/rfcdate.ts
  - src/types/streams.ts
  - src/types/webhooks.ts
  - tsconfig.json
examples:
  CreateDocument:
    speakeasy-default-create-document:
      requestBody:
        multipart/form-data: {"file": {"": "x-file: example.file"}}
      responses:
        "201":
          application/json: {"status": "<value>", "id": "514e493d-a037-48f4-af3c-12b09e8c8d24", "created_at": "2024-03-25T07:46:04.132Z", "updated_at": "2025-11-04T23:57:42.637Z", "name": "<value>", "metadata": {}, "partition": "<value>"}
        "422":
          application/json: {}
        "400":
          application/json: {"detail": "<value>"}
  ListDocuments:
    speakeasy-default-list-documents:
      parameters:
        query:
          page_size: 10
          filter: "{\"department\":{\"$in\":[\"sales\",\"marketing\"]}}"
        header:
          partition: "acme_customer_id"
      responses:
        "200":
          application/json: {"pagination": {"total_count": 30797}, "documents": [{"status": "<value>", "id": "e1bda599-b1ba-4fb0-8390-5d8e094f74ef", "created_at": "2023-04-06T01:47:02.548Z", "updated_at": "2025-01-06T01:02:40.334Z", "name": "<value>", "metadata": {"key": false, "key1": true, "key2": 506246}, "partition": "<value>"}]}
        "422":
          application/json: {}
        "401":
          application/json: {"detail": "<value>"}
  CreateDocumentRaw:
    speakeasy-default-create-document-raw:
      requestBody:
        application/json: {"partition": "<value>", "data": "<value>"}
      responses:
        "201":
          application/json: {"status": "<value>", "id": "090b2dbb-e6ed-4bb5-bf99-5f160a1a8baa", "created_at": "2023-01-28T03:24:45.640Z", "updated_at": "2025-07-29T09:58:40.734Z", "name": "<value>", "metadata": {"key": 872780, "key1": "<value>", "key2": ["<value 1>", "<value 2>", "<value 3>"]}, "partition": "<value>"}
        "422":
          application/json: {}
        "400":
          application/json: {"detail": "<value>"}
  CreateDocumentFromUrl:
    speakeasy-default-create-document-from-url:
      requestBody:
        application/json: {"partition": "<value>", "url": "https://plain-cleaner.com/"}
      responses:
        "201":
          application/json: {"status": "<value>", "id": "1c09c90d-6d19-453d-a571-82675571d7f1", "created_at": "2023-10-15T09:06:45.371Z", "updated_at": "2025-05-23T18:50:14.432Z", "name": "<value>", "metadata": {}, "partition": "<value>"}
        "422":
          application/json: {}
        "400":
          application/json: {"detail": "<value>"}
  GetDocument:
    speakeasy-default-get-document:
      parameters:
        path:
          document_id: "00000000-0000-0000-0000-000000000000"
        header:
          partition: "acme_customer_id"
      responses:
        "200":
          application/json: {"status": "<value>", "id": "f9902d0a-1ea4-4953-be48-52df6edd302a", "created_at": "2025-04-09T15:32:42.448Z", "updated_at": "2023-08-29T10:19:09.831Z", "name": "<value>", "metadata": {"key": "<value>", "key1": "<value>", "key2": ["<value 1>", "<value 2>", "<value 3>"]}, "partition": "<value>", "errors": ["<value 1>", "<value 2>"]}
        "422":
          application/json: {}
        "401":
          application/json: {"detail": "<value>"}
  DeleteDocument:
    speakeasy-default-delete-document:
      parameters:
        path:
          document_id: "00000000-0000-0000-0000-000000000000"
        header:
          partition: "acme_customer_id"
      responses:
        "200":
          application/json: {"status": "<value>"}
        "422":
          application/json: {}
        "401":
          application/json: {"detail": "<value>"}
  UpdateDocumentFile:
    speakeasy-default-update-document-file:
      parameters:
        path:
          document_id: "00000000-0000-0000-0000-000000000000"
        header:
          partition: "acme_customer_id"
      requestBody:
        multipart/form-data: {"file": {"": "x-file: example.file"}}
      responses:
        "200":
          application/json: {"status": "<value>"}
        "422":
          application/json: {}
        "401":
          application/json: {"detail": "<value>"}
  UpdateDocumentRaw:
    speakeasy-default-update-document-raw:
      parameters:
        path:
          document_id: "00000000-0000-0000-0000-000000000000"
        header:
          partition: "acme_customer_id"
      requestBody:
        application/json: {"data": "<value>"}
      responses:
        "200":
          application/json: {"status": "<value>"}
        "422":
          application/json: {}
        "401":
          application/json: {"detail": "<value>"}
  UpdateDocumentFromUrl:
    speakeasy-default-update-document-from-url:
      parameters:
        path:
          document_id: "00000000-0000-0000-0000-000000000000"
        header:
          partition: "acme_customer_id"
      requestBody:
        application/json: {"url": "https://sarcastic-colon.org"}
      responses:
        "200":
          application/json: {"status": "<value>"}
        "422":
          application/json: {}
        "401":
          application/json: {"detail": "<value>"}
  PatchDocumentMetadata:
    speakeasy-default-patch-document-metadata:
      parameters:
        path:
          document_id: "00000000-0000-0000-0000-000000000000"
        header:
          partition: "acme_customer_id"
      requestBody:
        application/json: {"metadata": {"classified": "null (setting null deletes key from metadata)", "editors": ["Alice", "Bob"], "published": true, "articleCount": 42, "title": "declassified report"}}
      responses:
        "200":
          application/json: {"metadata": {"editors": ["Alice", "Bob"], "title": "declassified report", "unchanged_key": "unchanged_value", "updated_at": 1714491736216}}
        "422":
          application/json: {}
        "401":
          application/json: {"detail": "<value>"}
  GetDocumentChunks:
    speakeasy-default-get-document-chunks:
      parameters:
        path:
          document_id: "00000000-0000-0000-0000-000000000000"
        query:
          start_index: 3
          end_index: 5
          page_size: 10
        header:
          partition: "acme_customer_id"
      responses:
        "200":
          application/json: {"pagination": {"total_count": 944463}, "chunks": [{"id": "a33133db-dcf2-434b-9a57-bfe8224739de", "index": -1, "text": "<value>", "links": {"key": {"href": "<value>", "type": "<value>"}, "key1": {"href": "<value>", "type": "<value>"}}}, {"id": "a33133db-dcf2-434b-9a57-bfe8224739de", "index": -1, "text": "<value>", "links": {"key": {"href": "<value>", "type": "<value>"}, "key1": {"href": "<value>", "type": "<value>"}}}]}
        "422":
          application/json: {}
        "401":
          application/json: {"detail": "<value>"}
  GetDocumentChunk:
    speakeasy-default-get-document-chunk:
      parameters:
        path:
          document_id: "00000000-0000-0000-0000-000000000000"
          chunk_id: "00000000-0000-0000-0000-000000000000"
        header:
          partition: "acme_customer_id"
      responses:
        "200":
          application/json: {"id": "623d750d-d419-40a7-a172-be953463b558", "index": -1, "text": "<value>", "links": {"key": {"href": "<value>", "type": "<value>"}, "key1": {"href": "<value>", "type": "<value>"}}}
        "422":
          application/json: {}
        "401":
          application/json: {"detail": "<value>"}
  GetDocumentChunkContent:
    speakeasy-default-get-document-chunk-content:
      parameters:
        path:
          document_id: "00000000-0000-0000-0000-000000000000"
          chunk_id: "00000000-0000-0000-0000-000000000000"
        query:
          media_type: "text/plain"
          download: false
        header:
          partition: "acme_customer_id"
      responses:
        "200":
          application/json: "<value>"
        "422":
          application/json: {}
        "401":
          application/json: {"detail": "<value>"}
  GetDocumentContent:
    speakeasy-default-get-document-content:
      parameters:
        path:
          document_id: "00000000-0000-0000-0000-000000000000"
        query:
          media_type: "text/plain"
          download: false
        header:
          partition: "acme_customer_id"
      responses:
        "200":
          application/json: {"status": "<value>", "id": "44e85908-16ad-4c26-9820-47723348b6f7", "created_at": "2023-03-21T00:44:56.605Z", "updated_at": "2023-06-06T22:45:58.954Z", "name": "<value>", "metadata": {"key": false}, "partition": "<value>", "content": "<value>"}
        "422":
          application/json: {}
        "401":
          application/json: {"detail": "<value>"}
  GetDocumentSource:
    speakeasy-default-get-document-source:
      parameters:
        path:
          document_id: "00000000-0000-0000-0000-000000000000"
        header:
          partition: "acme_customer_id"
      responses:
        "200":
          application/octet-stream: "x-file: example.file"
        "422":
          application/json: {}
        "401":
          application/json: {"detail": "<value>"}
  GetDocumentSummary:
    speakeasy-default-get-document-summary:
      parameters:
        path:
          document_id: "00000000-0000-0000-0000-000000000000"
        header:
          partition: "acme_customer_id"
      responses:
        "200":
          application/json: {"document_id": "<id>", "summary": "<value>"}
        "422":
          application/json: {}
        "401":
          application/json: {"detail": "<value>"}
  Retrieve:
    speakeasy-default-retrieve:
      requestBody:
        application/json: {"query": "What is the best pizza place in SF?", "top_k": 8, "rerank": true, "max_chunks_per_document": 0, "partition": "<value>", "recency_bias": false}
      responses:
        "200":
          application/json: {"scored_chunks": [{"text": "<value>", "score": 6492.69, "id": "<id>", "index": 623266, "document_id": "<id>", "document_name": "<value>", "document_metadata": {}, "links": {"key": {"href": "<value>", "type": "<value>"}}}, {"text": "<value>", "score": 6492.69, "id": "<id>", "index": 623266, "document_id": "<id>", "document_name": "<value>", "document_metadata": {}, "links": {"key": {"href": "<value>", "type": "<value>"}}}, {"text": "<value>", "score": 6492.69, "id": "<id>", "index": 623266, "document_id": "<id>", "document_name": "<value>", "document_metadata": {}, "links": {"key": {"href": "<value>", "type": "<value>"}}}]}
        "422":
          application/json: {}
        "401":
          application/json: {"detail": "<value>"}
  ListInstructions:
    speakeasy-default-list-instructions:
      responses:
        "200":
          application/json: [{"id": "12ebb70a-aa29-40e5-96de-61266e1691e4", "created_at": "2024-02-04T20:59:56.577Z", "updated_at": "2023-07-11T02:23:54.004Z", "name": "Find all pizzas", "active": true, "scope": "document", "prompt": "Find all pizzas described in the text.", "entity_schema": {"key": "<value>", "key1": "<value>", "key2": "<value>"}, "filter": {"toppings": {"$in": ["pizza", "mushrooms"]}}, "partition": "<value>"}]
        "401":
          application/json: {"detail": "<value>"}
  CreateInstruction:
    speakeasy-default-create-instruction:
      requestBody:
        application/json: {"name": "Find all pizzas", "active": true, "scope": "document", "prompt": "Find all pizzas described in the text.", "entity_schema": {"key": "<value>", "key1": "<value>"}, "filter": {"toppings": {"$in": ["pizza", "mushrooms"]}}, "partition": "<value>"}
      responses:
        "200":
          application/json: {"id": "4af7393d-fac3-4962-bb45-25db73b70699", "created_at": "2025-10-01T12:16:29.015Z", "updated_at": "2024-09-12T03:28:32.551Z", "name": "Find all pizzas", "active": true, "scope": "document", "prompt": "Find all pizzas described in the text.", "entity_schema": {"key": "<value>", "key1": "<value>"}, "filter": {"toppings": {"$in": ["pizza", "mushrooms"]}}, "partition": "<value>"}
        "422":
          application/json: {}
        "401":
          application/json: {"detail": "<value>"}
  UpdateInstruction:
    speakeasy-default-update-instruction:
      parameters:
        path:
          instruction_id: "00000000-0000-0000-0000-000000000000"
      requestBody:
        application/json: {"active": true}
      responses:
        "200":
          application/json: {"id": "45030322-0323-4a00-b045-98ae849abe00", "created_at": "2024-03-12T19:41:18.506Z", "updated_at": "2024-02-04T12:36:23.182Z", "name": "Find all pizzas", "active": true, "scope": "document", "prompt": "Find all pizzas described in the text.", "entity_schema": {"key": "<value>", "key1": "<value>"}, "filter": {"toppings": {"$in": ["pizza", "mushrooms"]}}, "partition": "<value>"}
        "422":
          application/json: {}
        "401":
          application/json: {"detail": "<value>"}
  DeleteInstruction:
    speakeasy-default-delete-instruction:
      parameters:
        path:
          instruction_id: "00000000-0000-0000-0000-000000000000"
      responses:
        "200":
          application/json: {"key": "<value>", "key1": "<value>"}
        "422":
          application/json: {}
        "401":
          application/json: {"detail": "<value>"}
  ListEntitiesByInstruction:
    speakeasy-default-list-entities-by-instruction:
      parameters:
        path:
          instruction_id: "00000000-0000-0000-0000-000000000000"
        query:
          page_size: 10
        header:
          partition: "acme_customer_id"
      responses:
        "200":
          application/json: {"pagination": {"total_count": 393037}, "entities": []}
        "422":
          application/json: {}
        "401":
          application/json: {"detail": "<value>"}
  ListEntitiesByDocument:
    speakeasy-default-list-entities-by-document:
      parameters:
        path:
          document_id: "00000000-0000-0000-0000-000000000000"
        query:
          page_size: 10
        header:
          partition: "acme_customer_id"
      responses:
        "200":
          application/json: {"pagination": {"total_count": 309348}, "entities": [{"id": "8f8e0e0d-cadc-4b7a-b14d-d98ba1831eb2", "created_at": "2024-04-11T14:58:25.188Z", "updated_at": "2025-03-05T09:30:05.725Z", "instruction_id": "454c9012-2e6a-4bd0-83df-69720bd50512", "document_id": "4561e278-d08b-46ab-ae34-0fa22d68598e", "data": {"key": "<value>", "key1": "<value>", "key2": "<value>"}}]}
        "422":
          application/json: {}
        "401":
          application/json: {"detail": "<value>"}
  list_connections_connections_get:
    speakeasy-default-list-connections-connections-get:
      parameters:
        query:
          page_size: 10
          filter: "{\"department\":{\"$in\":[\"sales\",\"marketing\"]}}"
      responses:
        "200":
          application/json: {"pagination": {"total_count": 375666}, "connections": [{"id": "86eb76f6-18c1-4463-a0c4-716c0f51cbac", "created_at": "2024-10-03T02:23:05.181Z", "updated_at": "2024-01-16T09:52:56.471Z", "metadata": {"key": ["<value 1>", "<value 2>", "<value 3>"], "key1": ["<value 1>", "<value 2>", "<value 3>"], "key2": true}, "type": "<value>", "name": "<value>", "source": "<value>", "enabled": true, "disabled_by_system_reason": "authentication_failed", "page_limit": 209439, "disabled_by_system": false}, {"id": "86eb76f6-18c1-4463-a0c4-716c0f51cbac", "created_at": "2024-10-03T02:23:05.181Z", "updated_at": "2024-01-16T09:52:56.471Z", "metadata": {"key": ["<value 1>", "<value 2>", "<value 3>"], "key1": ["<value 1>", "<value 2>", "<value 3>"], "key2": true}, "type": "<value>", "name": "<value>", "source": "<value>", "enabled": true, "disabled_by_system_reason": "authentication_failed", "page_limit": 209439, "disabled_by_system": false}, {"id": "86eb76f6-18c1-4463-a0c4-716c0f51cbac", "created_at": "2024-10-03T02:23:05.181Z", "updated_at": "2024-01-16T09:52:56.471Z", "metadata": {"key": ["<value 1>", "<value 2>", "<value 3>"], "key1": ["<value 1>", "<value 2>", "<value 3>"], "key2": true}, "type": "<value>", "name": "<value>", "source": "<value>", "enabled": true, "disabled_by_system_reason": "authentication_failed", "page_limit": 209439, "disabled_by_system": false}]}
        "422":
          application/json: {}
        "401":
          application/json: {"detail": "<value>"}
  create_oauth_redirect_url_connections_oauth_post:
    speakeasy-default-create-oauth-redirect-url-connections-oauth-post:
      requestBody:
        application/json: {"redirect_uri": "https://babyish-rationale.biz/", "page_limit": 1000}
      responses:
        "200":
          application/json: {"url": "https://natural-cauliflower.name"}
        "422":
          application/json: {}
        "401":
          application/json: {"detail": "<value>"}
  list_connection_source_types_connections_source_type_get:
    speakeasy-default-list-connection-source-types-connections-source-type-get:
      responses:
        "200":
          application/json: {"connectors": []}
        "401":
          application/json: {"detail": "<value>"}
  set_connection_enabled_connections__connection_id__enabled_put:
    speakeasy-default-set-connection-enabled-connections-connection-id-enabled-put:
      parameters:
        path:
          connection_id: "e424ce92-7b06-4702-9d48-a18157d07128"
      requestBody:
        application/json: {"enabled": true}
      responses:
        "200":
          application/json: {"id": "d285b21c-cda9-4400-9d74-306f99b9ca30", "created_at": "2025-03-27T18:08:58.956Z", "updated_at": "2024-04-06T11:09:10.546Z", "metadata": {"key": ["<value 1>", "<value 2>"], "key1": false}, "type": "<value>", "name": "<value>", "source": ["<value 1>", "<value 2>"], "enabled": true, "disabled_by_system_reason": "connection_over_total_page_limit", "page_limit": 551690, "disabled_by_system": false}
        "422":
          application/json: {}
        "401":
          application/json: {"detail": "<value>"}
  update_connection_connections__connection_id__put:
    speakeasy-default-update-connection-connections-connection-id-put:
      parameters:
        path:
          connection_id: "eff214ac-1929-43f3-892b-108f57be0158"
      requestBody:
        application/json: {"partition_strategy": {}, "page_limit": 1000}
      responses:
        "200":
          application/json: {"id": "30fd2dc3-7362-45dd-93d2-2c1c73276b25", "created_at": "2024-05-18T02:54:20.859Z", "updated_at": "2025-03-30T04:55:25.056Z", "metadata": {}, "type": "<value>", "name": "<value>", "source": ["<value 1>", "<value 2>", "<value 3>"], "enabled": true, "disabled_by_system_reason": "authentication_failed", "page_limit": 674062, "disabled_by_system": true}
        "422":
          application/json: {}
        "401":
          application/json: {"detail": "<value>"}
  get_connection_connections__connection_id__get:
    speakeasy-default-get-connection-connections-connection-id-get:
      parameters:
        path:
          connection_id: "af154d9d-a1af-4619-964d-b1589f2ec4f8"
      responses:
        "200":
          application/json: {"id": "014564a7-c333-444c-a6a3-8932625ff240", "created_at": "2025-07-02T11:37:55.971Z", "updated_at": "2023-11-11T15:29:45.226Z", "metadata": {"key": "<value>"}, "type": "<value>", "name": "<value>", "source": ["<value 1>", "<value 2>", "<value 3>"], "enabled": false, "disabled_by_system_reason": "authentication_failed", "page_limit": 626735, "disabled_by_system": true}
        "422":
          application/json: {}
        "401":
          application/json: {"detail": "<value>"}
  get_connection_stats_connections__connection_id__stats_get:
    speakeasy-default-get-connection-stats-connections-connection-id-stats-get:
      parameters:
        path:
          connection_id: "1568dd0e-2d57-45b1-a9f4-9d646aec54a2"
      responses:
        "200":
          application/json: {"document_count": 227859, "page_count": 2984.63}
        "422":
          application/json: {}
        "401":
          application/json: {"detail": "<value>"}
  set_connection_limits_connections__connection_id__limit_put:
    speakeasy-default-set-connection-limits-connections-connection-id-limit-put:
      parameters:
        path:
          connection_id: "ab1a17e7-8b6f-470a-aeda-1c8e11512d19"
      requestBody:
        application/json: {"page_limit": 1000}
      responses:
        "200":
          application/json: {"id": "8ebeaf51-fc3e-4a54-8bf9-dc40acdf654b", "created_at": "2023-03-11T10:39:00.154Z", "updated_at": "2023-12-20T16:02:08.329Z", "metadata": {}, "type": "<value>", "name": "<value>", "source": [], "enabled": false, "disabled_by_system_reason": "connection_over_total_page_limit", "page_limit": 479423, "disabled_by_system": true}
        "422":
          application/json: {}
        "401":
          application/json: {"detail": "<value>"}
  delete_connection_connections__connection_id__delete_post:
    speakeasy-default-delete-connection-connections-connection-id-delete-post:
      parameters:
        path:
          connection_id: "4082c01e-fae3-4426-9e96-0d19035a99ea"
      requestBody:
        application/json: {"keep_files": true}
      responses:
        "200":
          application/json: {"key": "<value>"}
        "422":
          application/json: {}
        "401":
          application/json: {"detail": "<value>"}
  SyncConnection:
    speakeasy-default-sync-connection:
      parameters:
        path:
          connection_id: "cf2b9381-3cee-4449-b7d1-9eb470186924"
      responses:
        "201":
          application/json: {"message": "ok"}
        "422":
          application/json: {}
        "400":
          application/json: {"detail": "<value>"}
  list_partitions_partitions_get:
    speakeasy-default-list-partitions-partitions-get:
      parameters:
        query:
          page_size: 10
      responses:
        "200":
          application/json: {"pagination": {"total_count": 816318}, "partitions": [{"name": "<value>", "is_default": true, "limit_exceeded_at": "2023-01-29T08:25:20.822Z", "limits": {"pages_processed_limit_monthly": 13.73, "pages_hosted_limit_monthly": 112.66, "pages_processed_limit_max": 2218.53, "pages_hosted_limit_max": 8228.05}}]}
        "422":
          application/json: {}
        "401":
          application/json: {"detail": "<value>"}
  create_partition_partitions_post:
    speakeasy-default-create-partition-partitions-post:
      requestBody:
        application/json: {"name": "<value>", "pages_hosted_limit_monthly": 1000, "pages_processed_limit_monthly": 1000, "pages_hosted_limit_max": 1000, "pages_processed_limit_max": 1000}
      responses:
        "200":
          application/json: {"name": "<value>", "is_default": false, "limit_exceeded_at": "2024-01-16T14:27:53.935Z", "limits": {"pages_processed_limit_monthly": 5303.15, "pages_hosted_limit_monthly": 7057.63, "pages_processed_limit_max": 1488.26, "pages_hosted_limit_max": 3860.18}}
        "422":
          application/json: {}
        "401":
          application/json: {"detail": "<value>"}
  get_partition_partitions__partition_id__get:
    speakeasy-default-get-partition-partitions-partition-id-get:
      parameters:
        path:
          partition_id: "<id>"
      responses:
        "200":
          application/json: {"name": "<value>", "is_default": true, "limit_exceeded_at": "2025-03-13T22:34:27.195Z", "limits": {"pages_processed_limit_monthly": 8934.44, "pages_hosted_limit_monthly": 1377.51, "pages_processed_limit_max": 5054.99, "pages_hosted_limit_max": 5073.22}, "stats": {"pages_processed_monthly": 8083.81, "pages_hosted_monthly": 3060.13, "pages_processed_total": 65.72, "pages_hosted_total": 7144.35, "document_count": 801056}}
        "422":
          application/json: {}
        "401":
          application/json: {"detail": "<value>"}
  delete_partition_partitions__partition_id__delete:
    speakeasy-default-delete-partition-partitions-partition-id-delete:
      parameters:
        path:
          partition_id: "<id>"
      responses:
        "200":
          application/json: {"key": "<value>"}
        "422":
          application/json: {}
        "401":
          application/json: {"detail": "<value>"}
  set_partition_limits_partitions__partition_id__limits_put:
    speakeasy-default-set-partition-limits-partitions-partition-id-limits-put:
      parameters:
        path:
          partition_id: "<id>"
      requestBody:
        application/json: {"pages_hosted_limit_monthly": 1000, "pages_processed_limit_monthly": 1000, "pages_hosted_limit_max": 1000, "pages_processed_limit_max": 1000}
      responses:
        "200":
          application/json: {"name": "<value>", "is_default": true, "limit_exceeded_at": "2024-11-01T21:01:15.346Z", "limits": {"pages_processed_limit_monthly": 8386.93, "pages_hosted_limit_monthly": 5996.32, "pages_processed_limit_max": 2850.42, "pages_hosted_limit_max": 4665.02}, "stats": {"pages_processed_monthly": 7494.45, "pages_hosted_monthly": 5737.57, "pages_processed_total": 27.55, "pages_hosted_total": 2366.15, "document_count": 706713}}
        "422":
          application/json: {}
        "401":
          application/json: {"detail": "<value>"}
  eventevent_post:
    speakeasy-default-eventevent-post:
      requestBody:
        application/json: {"nonce": "<value>", "type": "partition_limit_exceeded", "payload": {"partition": "<value>", "limit_type": "pages_hosted_limit_monthly"}}
      responses:
        "200":
          application/json: "<value>"
        "422":
          application/json: {}
examplesVersion: 1.0.2
generatedTests: {}
