lockVersion: 2.0.0
id: 9c76d982-a275-4b45-a46b-dccb6e2cffe9
management:
  docChecksum: a876b4f232bef5e688118e87942d15c5
  docVersion: 1.0.0
  speakeasyVersion: 1.346.1
  generationVersion: 2.379.5
  releaseVersion: 0.9.0
  configChecksum: 726f07f9d5b34730acf0a15405d2f06a
  repoURL: https://github.com/ragieai/SDKs.git
  installationURL: https://github.com/ragieai/SDKs
  published: true
features:
  typescript:
    additionalDependencies: 0.1.0
    constsAndDefaults: 0.1.5
    core: 3.11.10
    defaultEnabledRetries: 0.1.0
    devContainers: 2.90.0
    flattening: 2.81.1
    globalSecurity: 2.82.9
    globalSecurityCallbacks: 0.1.0
    globalSecurityFlattening: 0.1.0
    globalServerURLs: 2.82.4
    nameOverrides: 2.81.2
    nullables: 0.1.0
    pagination: 2.82.6
    responseFormat: 0.2.3
    retries: 2.83.0
    sdkHooks: 0.1.0
    unions: 2.85.6
generatedFiles:
  - src/sdk/documents.ts
  - src/sdk/retrievals.ts
  - src/sdk/entities.ts
  - src/sdk/sdk.ts
  - .eslintrc.cjs
  - .npmignore
  - RUNTIMES.md
  - jsr.json
  - package.json
  - src/index.ts
  - src/lib/base64.ts
  - src/lib/config.ts
  - src/lib/dlv.ts
  - src/lib/encodings.ts
  - src/lib/http.ts
  - src/lib/is-plain-object.ts
  - src/lib/primitives.ts
  - src/lib/retries.ts
  - src/lib/schemas.ts
  - src/lib/sdks.ts
  - src/lib/security.ts
  - src/lib/url.ts
  - src/sdk/index.ts
  - src/models/errors/sdkerror.ts
  - src/models/errors/sdkvalidationerror.ts
  - src/types/blobs.ts
  - src/types/enums.ts
  - src/types/index.ts
  - src/types/operations.ts
  - src/types/rfcdate.ts
  - tsconfig.json
  - src/models/operations/listdocuments.ts
  - src/models/operations/getdocument.ts
  - src/models/operations/deletedocument.ts
  - src/models/operations/updatedocumentfile.ts
  - src/models/operations/updatedocumentraw.ts
  - src/models/operations/patchdocumentmetadata.ts
  - src/models/operations/getdocumentsummary.ts
  - src/models/operations/updateinstruction.ts
  - src/models/operations/listentitiesbyinstruction.ts
  - src/models/operations/listentitiesbydocument.ts
  - src/models/components/documentlist.ts
  - src/models/components/document.ts
  - src/models/components/pagination.ts
  - src/models/components/validationerror.ts
  - src/models/components/createdocumentparams.ts
  - src/models/components/createdocumentrawparams.ts
  - src/models/components/documentdelete.ts
  - src/models/components/documentfileupdate.ts
  - src/models/components/updatedocumentfileparams.ts
  - src/models/components/documentrawupdate.ts
  - src/models/components/updatedocumentrawparams.ts
  - src/models/components/documentmetadataupdate.ts
  - src/models/components/patchdocumentmetadataparams.ts
  - src/models/components/documentsummary.ts
  - src/models/components/retrieval.ts
  - src/models/components/scoredchunk.ts
  - src/models/components/retrieveparams.ts
  - src/models/components/instruction.ts
  - src/models/components/createinstructionparams.ts
  - src/models/components/updateinstructionparams.ts
  - src/models/components/entitylist.ts
  - src/models/components/entity.ts
  - src/models/components/security.ts
  - src/models/errors/errormessage.ts
  - src/models/errors/httpvalidationerror.ts
  - src/models/errors/index.ts
  - src/models/operations/index.ts
  - src/models/components/index.ts
  - docs/models/operations/listdocumentsrequest.md
  - docs/models/operations/listdocumentsresponse.md
  - docs/models/operations/getdocumentrequest.md
  - docs/models/operations/deletedocumentrequest.md
  - docs/models/operations/updatedocumentfilerequest.md
  - docs/models/operations/updatedocumentrawrequest.md
  - docs/models/operations/patchdocumentmetadatarequest.md
  - docs/models/operations/getdocumentsummaryrequest.md
  - docs/models/operations/updateinstructionrequest.md
  - docs/models/operations/listentitiesbyinstructionrequest.md
  - docs/models/operations/listentitiesbyinstructionresponse.md
  - docs/models/operations/listentitiesbydocumentrequest.md
  - docs/models/operations/listentitiesbydocumentresponse.md
  - docs/models/components/documentlist.md
  - docs/models/components/metadata.md
  - docs/models/components/document.md
  - docs/models/components/pagination.md
  - docs/models/components/loc.md
  - docs/models/components/validationerror.md
  - docs/models/components/mode.md
  - docs/models/components/createdocumentparamsmetadata.md
  - docs/models/components/filet.md
  - docs/models/components/createdocumentparams.md
  - docs/models/components/createdocumentrawparamsmetadata.md
  - docs/models/components/two.md
  - docs/models/components/data.md
  - docs/models/components/createdocumentrawparams.md
  - docs/models/components/documentdelete.md
  - docs/models/components/documentfileupdate.md
  - docs/models/components/updatedocumentfileparamsmode.md
  - docs/models/components/updatedocumentfileparamsfile.md
  - docs/models/components/updatedocumentfileparams.md
  - docs/models/components/documentrawupdate.md
  - docs/models/components/data2.md
  - docs/models/components/updatedocumentrawparamsdata.md
  - docs/models/components/updatedocumentrawparams.md
  - docs/models/components/documentmetadataupdatemetadata.md
  - docs/models/components/documentmetadataupdate.md
  - docs/models/components/patchdocumentmetadataparamsmetadata.md
  - docs/models/components/patchdocumentmetadataparams.md
  - docs/models/components/documentsummary.md
  - docs/models/components/retrieval.md
  - docs/models/components/scoredchunk.md
  - docs/models/components/retrieveparams.md
  - docs/models/components/scope.md
  - docs/models/components/instruction.md
  - docs/models/components/createinstructionparamsscope.md
  - docs/models/components/createinstructionparams.md
  - docs/models/components/updateinstructionparams.md
  - docs/models/components/entitylist.md
  - docs/models/components/entity.md
  - docs/models/components/security.md
  - docs/models/errors/errormessage.md
  - docs/models/errors/httpvalidationerror.md
  - docs/sdks/ragie/README.md
  - docs/lib/utils/retryconfig.md
  - docs/sdks/documents/README.md
  - docs/sdks/retrievals/README.md
  - docs/sdks/entities/README.md
  - USAGE.md
  - .gitattributes
  - .devcontainer/README.md
  - .devcontainer/devcontainer.json
  - .devcontainer/setup.sh
  - src/hooks/hooks.ts
  - src/hooks/types.ts
  - src/hooks/index.ts
  - CONTRIBUTING.md
