speakeasyVersion: 1.337.1
sources:
    local:
        sourceNamespace: local
        sourceRevisionDigest: sha256:53b30e21977ddd2c108943a336d3d673472511a68d74b68fdd680e961378a536
        sourceBlobDigest: sha256:6678a39ed7e61568e61076585c4eb906c203efce1827a80b0731621eca75a82e
        tags:
            - latest
    ragie.ai_spec:
        sourceNamespace: ragie-ai-spec
        sourceRevisionDigest: sha256:25e9442361a20423442146a8f815b424969c5d16295aa0c81cc11aa57a70c90b
        sourceBlobDigest: sha256:d31c686edd71e073a088a806405d2914f1c6f0e481358cc1b0d281486d1c4c30
        tags:
            - latest
            - main
targets:
    ragie:
        source: ragie.ai_spec
        sourceNamespace: ragie-ai-spec
        sourceRevisionDigest: sha256:25e9442361a20423442146a8f815b424969c5d16295aa0c81cc11aa57a70c90b
        sourceBlobDigest: sha256:d31c686edd71e073a088a806405d2914f1c6f0e481358cc1b0d281486d1c4c30
        outLocation: /github/workspace/repo
workflow:
    workflowVersion: 1.0.0
    speakeasyVersion: latest
    sources:
        local:
            inputs:
                - location: http://localhost:8000/openapi.json
            registry:
                location: registry.speakeasyapi.dev/ragie-ai/ragie-ai/local
        ragie.ai_spec:
            inputs:
                - location: https://api.ragie.ai/openapi.json
            registry:
                location: registry.speakeasyapi.dev/ragie-ai/ragie-ai/ragie-ai-spec
    targets:
        ragie:
            target: typescript
            source: ragie.ai_spec
            publish:
                npm:
                    token: $npm_token
