speakeasyVersion: 1.441.1
sources:
    local:
        sourceNamespace: local
        sourceRevisionDigest: sha256:2a24058a1165507629ac601dcf654236367d325400cd8bf25d71635266b164dc
        sourceBlobDigest: sha256:94d9bc45794caabdeb08dc4d73ad5f18fabe58538f46bf2b80cc9f872fa9cc1a
        tags:
            - latest
    ragie.ai_spec:
        sourceNamespace: ragie-ai-spec
        sourceRevisionDigest: sha256:876c8bee96786e8099e562dd936e90bee62fc88baac6f3ef2dc340ee275a0d2b
        sourceBlobDigest: sha256:47e3322eaa73332c1af17ffc7f65569a4a1d47e914ccf7256d249294b067df7e
        tags:
            - latest
targets:
    ragie:
        source: ragie.ai_spec
        sourceNamespace: ragie-ai-spec
        sourceRevisionDigest: sha256:876c8bee96786e8099e562dd936e90bee62fc88baac6f3ef2dc340ee275a0d2b
        sourceBlobDigest: sha256:47e3322eaa73332c1af17ffc7f65569a4a1d47e914ccf7256d249294b067df7e
        codeSamplesNamespace: ragie-ai-spec-code-samples
        codeSamplesRevisionDigest: sha256:9e9862191cc110c2b646d4c0184036656a98d9ebc777d5c46ad1c30eb9c9e24a
workflow:
    workflowVersion: 1.0.0
    speakeasyVersion: latest
    sources:
        local:
            inputs:
                - location: http://localhost:8000/openapi.json
            registry:
                location: registry.speakeasyapi.dev/ragie-ai/ragie-ai/local
        ragie.ai_spec:
            inputs:
                - location: https://api.ragie.ai/openapi.json
            registry:
                location: registry.speakeasyapi.dev/ragie-ai/ragie-ai/ragie-ai-spec
    targets:
        ragie:
            target: typescript
            source: ragie.ai_spec
            publish:
                npm:
                    token: $npm_token
            codeSamples:
                registry:
                    location: registry.speakeasyapi.dev/ragie-ai/ragie-ai/ragie-ai-spec-code-samples
                blocking: false
