speakeasyVersion: 1.453.2
sources:
    local:
        sourceNamespace: local
        sourceRevisionDigest: sha256:2a24058a1165507629ac601dcf654236367d325400cd8bf25d71635266b164dc
        sourceBlobDigest: sha256:94d9bc45794caabdeb08dc4d73ad5f18fabe58538f46bf2b80cc9f872fa9cc1a
        tags:
            - latest
    ragie.ai_spec:
        sourceNamespace: ragie-ai-spec
        sourceRevisionDigest: sha256:3a3c46a7ca7acd49160f3d68942798ac74e81bb2b1016ca93fc25ee57622e2f1
        sourceBlobDigest: sha256:8a5e9a37dd2b48ab9b47f1d164f3fce56b93da89b2cbf2916126d3f462f51336
        tags:
            - latest
            - speakeasy-sdk-regen-1732494125
            - 1.0.0
targets:
    ragie:
        source: ragie.ai_spec
        sourceNamespace: ragie-ai-spec
        sourceRevisionDigest: sha256:3a3c46a7ca7acd49160f3d68942798ac74e81bb2b1016ca93fc25ee57622e2f1
        sourceBlobDigest: sha256:8a5e9a37dd2b48ab9b47f1d164f3fce56b93da89b2cbf2916126d3f462f51336
        codeSamplesNamespace: ragie-ai-spec-typescript-code-samples
        codeSamplesRevisionDigest: sha256:e4a5a10e0afbb4a6103fe1568cd3e6a410d9c53b3174bdd81ec5f3c60813cd6a
workflow:
    workflowVersion: 1.0.0
    speakeasyVersion: latest
    sources:
        local:
            inputs:
                - location: http://localhost:8000/openapi.json
            registry:
                location: registry.speakeasyapi.dev/ragie-ai/ragie-ai/local
        ragie.ai_spec:
            inputs:
                - location: https://api.ragie.ai/openapi.json
            registry:
                location: registry.speakeasyapi.dev/ragie-ai/ragie-ai/ragie-ai-spec
    targets:
        ragie:
            target: typescript
            source: ragie.ai_spec
            publish:
                npm:
                    token: $npm_token
            codeSamples:
                registry:
                    location: registry.speakeasyapi.dev/ragie-ai/ragie-ai/ragie-ai-spec-typescript-code-samples
                blocking: false
